{
  "name": "awcy",
  "version": "1.0.0",
  "dependencies": {
    "irc": {
      "version": "0.5.0",
      "from": "irc@>=0.5.0 <0.6.0",
      "resolved": "https://registry.npmjs.org/irc/-/irc-0.5.0.tgz",
      "dependencies": {
        "iconv": {
          "version": "2.2.1",
          "from": "iconv@latest",
          "resolved": "https://registry.npmjs.org/iconv/-/iconv-2.2.1.tgz"
        }
      }
    }
  }
}
